
Microsoft Visual Studio Solution File, Format Version 12.00
Project("{2150E333-8FDC-42A3-9474-1A3956D46DE8}") = "Items", "Items", "{1DCBA66E-098B-45C3-AAD3-A2700465F84B}"
	ProjectSection(SolutionItems) = preProject
		.gitignore = .gitignore
		LICENSE = LICENSE
		README.md = README.md
		Directory.Packages.props = Directory.Packages.props
	EndProjectSection
EndProject
Project("{2150E333-8FDC-42A3-9474-1A3956D46DE8}") = "Src", "Src", "{AE23DBF7-6295-4DFB-905B-5B787042C052}"
EndProject
Project("{FAE04EC0-301F-11D3-BF4B-00C04F79EFBC}") = "IlVecchioForno.API", "src\IlVecchioForno.API\IlVecchioForno.API.csproj", "{0113553B-1127-4C70-8515-73D2629533DF}"
EndProject
Project("{FAE04EC0-301F-11D3-BF4B-00C04F79EFBC}") = "IlVecchioForno.Domain", "src\IlVecchioForno.Domain\IlVecchioForno.Domain.csproj", "{A1CB3CCF-BFAD-4429-AC5C-8C495C5F89C8}"
EndProject
Project("{FAE04EC0-301F-11D3-BF4B-00C04F79EFBC}") = "IlVecchioForno.Application", "src\IlVecchioForno.Application\IlVecchioForno.Application.csproj", "{7E1066D5-5DDD-4D4B-A7D6-36466B9D3654}"
EndProject
Project("{FAE04EC0-301F-11D3-BF4B-00C04F79EFBC}") = "IlVecchioForno.Infrastructure", "src\IlVecchioForno.Infrastructure\IlVecchioForno.Infrastructure.csproj", "{41563330-507F-4C42-A477-353E9635B6ED}"
EndProject
Project("{2150E333-8FDC-42A3-9474-1A3956D46DE8}") = "Tests", "Tests", "{61F37572-ACAD-443E-82E7-2785878C2634}"
EndProject
Project("{FAE04EC0-301F-11D3-BF4B-00C04F79EFBC}") = "IlVecchioForno.Domain.Tests", "src\tests\IlVecchioForno.Domain.Tests\IlVecchioForno.Domain.Tests.csproj", "{2E85EAE9-0732-42D0-BB0A-52E8EB0C6733}"
EndProject
Project("{FAE04EC0-301F-11D3-BF4B-00C04F79EFBC}") = "IlVecchioForno.Infrastructure.Tests", "src\tests\IlVecchioForno.Infrastructure.Tests\IlVecchioForno.Infrastructure.Tests.csproj", "{75A4AC04-739D-4102-8B09-68390746665F}"
EndProject
Global
	GlobalSection(SolutionConfigurationPlatforms) = preSolution
		Debug|Any CPU = Debug|Any CPU
		Release|Any CPU = Release|Any CPU
	EndGlobalSection
	GlobalSection(ProjectConfigurationPlatforms) = postSolution
		{0113553B-1127-4C70-8515-73D2629533DF}.Debug|Any CPU.ActiveCfg = Debug|Any CPU
		{0113553B-1127-4C70-8515-73D2629533DF}.Debug|Any CPU.Build.0 = Debug|Any CPU
		{0113553B-1127-4C70-8515-73D2629533DF}.Release|Any CPU.ActiveCfg = Release|Any CPU
		{0113553B-1127-4C70-8515-73D2629533DF}.Release|Any CPU.Build.0 = Release|Any CPU
		{A1CB3CCF-BFAD-4429-AC5C-8C495C5F89C8}.Debug|Any CPU.ActiveCfg = Debug|Any CPU
		{A1CB3CCF-BFAD-4429-AC5C-8C495C5F89C8}.Debug|Any CPU.Build.0 = Debug|Any CPU
		{A1CB3CCF-BFAD-4429-AC5C-8C495C5F89C8}.Release|Any CPU.ActiveCfg = Release|Any CPU
		{A1CB3CCF-BFAD-4429-AC5C-8C495C5F89C8}.Release|Any CPU.Build.0 = Release|Any CPU
		{7E1066D5-5DDD-4D4B-A7D6-36466B9D3654}.Debug|Any CPU.ActiveCfg = Debug|Any CPU
		{7E1066D5-5DDD-4D4B-A7D6-36466B9D3654}.Debug|Any CPU.Build.0 = Debug|Any CPU
		{7E1066D5-5DDD-4D4B-A7D6-36466B9D3654}.Release|Any CPU.ActiveCfg = Release|Any CPU
		{7E1066D5-5DDD-4D4B-A7D6-36466B9D3654}.Release|Any CPU.Build.0 = Release|Any CPU
		{41563330-507F-4C42-A477-353E9635B6ED}.Debug|Any CPU.ActiveCfg = Debug|Any CPU
		{41563330-507F-4C42-A477-353E9635B6ED}.Debug|Any CPU.Build.0 = Debug|Any CPU
		{41563330-507F-4C42-A477-353E9635B6ED}.Release|Any CPU.ActiveCfg = Release|Any CPU
		{41563330-507F-4C42-A477-353E9635B6ED}.Release|Any CPU.Build.0 = Release|Any CPU
		{2E85EAE9-0732-42D0-BB0A-52E8EB0C6733}.Debug|Any CPU.ActiveCfg = Debug|Any CPU
		{2E85EAE9-0732-42D0-BB0A-52E8EB0C6733}.Debug|Any CPU.Build.0 = Debug|Any CPU
		{2E85EAE9-0732-42D0-BB0A-52E8EB0C6733}.Release|Any CPU.ActiveCfg = Release|Any CPU
		{2E85EAE9-0732-42D0-BB0A-52E8EB0C6733}.Release|Any CPU.Build.0 = Release|Any CPU
		{75A4AC04-739D-4102-8B09-68390746665F}.Debug|Any CPU.ActiveCfg = Debug|Any CPU
		{75A4AC04-739D-4102-8B09-68390746665F}.Debug|Any CPU.Build.0 = Debug|Any CPU
		{75A4AC04-739D-4102-8B09-68390746665F}.Release|Any CPU.ActiveCfg = Release|Any CPU
		{75A4AC04-739D-4102-8B09-68390746665F}.Release|Any CPU.Build.0 = Release|Any CPU
	EndGlobalSection
	GlobalSection(NestedProjects) = preSolution
		{0113553B-1127-4C70-8515-73D2629533DF} = {AE23DBF7-6295-4DFB-905B-5B787042C052}
		{A1CB3CCF-BFAD-4429-AC5C-8C495C5F89C8} = {AE23DBF7-6295-4DFB-905B-5B787042C052}
		{7E1066D5-5DDD-4D4B-A7D6-36466B9D3654} = {AE23DBF7-6295-4DFB-905B-5B787042C052}
		{41563330-507F-4C42-A477-353E9635B6ED} = {AE23DBF7-6295-4DFB-905B-5B787042C052}
		{61F37572-ACAD-443E-82E7-2785878C2634} = {AE23DBF7-6295-4DFB-905B-5B787042C052}
		{2E85EAE9-0732-42D0-BB0A-52E8EB0C6733} = {61F37572-ACAD-443E-82E7-2785878C2634}
		{75A4AC04-739D-4102-8B09-68390746665F} = {61F37572-ACAD-443E-82E7-2785878C2634}
	EndGlobalSection
EndGlobal
